
Microsoft Visual Studio Solution File, Format Version 12.00
# Visual Studio Version 16
VisualStudioVersion = 16.0.29424.173
MinimumVisualStudioVersion = 10.0.40219.1
Project("{9A19103F-16F7-4668-BE54-9A1E7A4F7556}") = "SimpleCsvReader", "SimpleCsvReader\SimpleCsvReader.csproj", "{972CDA53-0F23-46BF-8224-593C47665B7B}"
EndProject
Project("{9A19103F-16F7-4668-BE54-9A1E7A4F7556}") = "SimpleCsvReader.Tests", "SimpleCsvReader.Tests\SimpleCsvReader.Tests.csproj", "{5165D55B-769C-487C-887D-76F3991539CE}"
EndProject
Global
	GlobalSection(SolutionConfigurationPlatforms) = preSolution
		Debug|Any CPU = Debug|Any CPU
		Release|Any CPU = Release|Any CPU
	EndGlobalSection
	GlobalSection(ProjectConfigurationPlatforms) = postSolution
		{972CDA53-0F23-46BF-8224-593C47665B7B}.Debug|Any CPU.ActiveCfg = Debug|Any CPU
		{972CDA53-0F23-46BF-8224-593C47665B7B}.Debug|Any CPU.Build.0 = Debug|Any CPU
		{972CDA53-0F23-46BF-8224-593C47665B7B}.Release|Any CPU.ActiveCfg = Release|Any CPU
		{972CDA53-0F23-46BF-8224-593C47665B7B}.Release|Any CPU.Build.0 = Release|Any CPU
		{5165D55B-769C-487C-887D-76F3991539CE}.Debug|Any CPU.ActiveCfg = Debug|Any CPU
		{5165D55B-769C-487C-887D-76F3991539CE}.Debug|Any CPU.Build.0 = Debug|Any CPU
		{5165D55B-769C-487C-887D-76F3991539CE}.Release|Any CPU.ActiveCfg = Release|Any CPU
		{5165D55B-769C-487C-887D-76F3991539CE}.Release|Any CPU.Build.0 = Release|Any CPU
	EndGlobalSection
	GlobalSection(SolutionProperties) = preSolution
		HideSolutionNode = FALSE
	EndGlobalSection
	GlobalSection(ExtensibilityGlobals) = postSolution
		SolutionGuid = {E6B77CD4-BB8F-4390-93B1-004E50B86F24}
	EndGlobalSection
EndGlobal
